
Microsoft Visual Studio Solution File, Format Version 12.00
# Visual Studio Version 17
VisualStudioVersion = 17.13.35931.197 d17.13
MinimumVisualStudioVersion = 10.0.40219.1
Project("{FAE04EC0-301F-11D3-BF4B-00C04F79EFBC}") = "FreeBytes", "FreeBytes.csproj", "{EE8C5DFA-EACA-4F31-B7E0-6100C6812470}"
EndProject
Global
	GlobalSection(SolutionConfigurationPlatforms) = preSolution
		Debug|Any CPU = Debug|Any CPU
		Release|Any CPU = Release|Any CPU
	EndGlobalSection
	GlobalSection(ProjectConfigurationPlatforms) = postSolution
		{EE8C5DFA-EACA-4F31-B7E0-6100C6812470}.Debug|Any CPU.ActiveCfg = Debug|Any CPU
		{EE8C5DFA-EACA-4F31-B7E0-6100C6812470}.Debug|Any CPU.Build.0 = Debug|Any CPU
		{EE8C5DFA-EACA-4F31-B7E0-6100C6812470}.Release|Any CPU.ActiveCfg = Release|Any CPU
		{EE8C5DFA-EACA-4F31-B7E0-6100C6812470}.Release|Any CPU.Build.0 = Release|Any CPU
	EndGlobalSection
	GlobalSection(SolutionProperties) = preSolution
		HideSolutionNode = FALSE
	EndGlobalSection
	GlobalSection(ExtensibilityGlobals) = postSolution
		SolutionGuid = {AF66D5E1-6A8B-433D-82D8-F1B416436FD2}
	EndGlobalSection
EndGlobal
